
Microsoft Visual Studio Solution File, Format Version 12.00
# Visual Studio Version 16
VisualStudioVersion = 16.0.29201.188
MinimumVisualStudioVersion = 10.0.40219.1
Project("{8BC9CEB8-8B4A-11D0-8D11-00A0C91BC942}") = "Studio11Zachary", "Studio11Zachary.vcxproj", "{A5E1FECE-B6E0-457E-A464-E834E275B736}"
EndProject
Global
	GlobalSection(SolutionConfigurationPlatforms) = preSolution
		Debug|x64 = Debug|x64
		Debug|x86 = Debug|x86
		Release|x64 = Release|x64
		Release|x86 = Release|x86
	EndGlobalSection
	GlobalSection(ProjectConfigurationPlatforms) = postSolution
		{A5E1FECE-B6E0-457E-A464-E834E275B736}.Debug|x64.ActiveCfg = Debug|x64
		{A5E1FECE-B6E0-457E-A464-E834E275B736}.Debug|x64.Build.0 = Debug|x64
		{A5E1FECE-B6E0-457E-A464-E834E275B736}.Debug|x86.ActiveCfg = Debug|Win32
		{A5E1FECE-B6E0-457E-A464-E834E275B736}.Debug|x86.Build.0 = Debug|Win32
		{A5E1FECE-B6E0-457E-A464-E834E275B736}.Release|x64.ActiveCfg = Release|x64
		{A5E1FECE-B6E0-457E-A464-E834E275B736}.Release|x64.Build.0 = Release|x64
		{A5E1FECE-B6E0-457E-A464-E834E275B736}.Release|x86.ActiveCfg = Release|Win32
		{A5E1FECE-B6E0-457E-A464-E834E275B736}.Release|x86.Build.0 = Release|Win32
	EndGlobalSection
	GlobalSection(SolutionProperties) = preSolution
		HideSolutionNode = FALSE
	EndGlobalSection
	GlobalSection(ExtensibilityGlobals) = postSolution
		SolutionGuid = {EAD9938C-B6B9-4C72-AE9D-C593E177D196}
	EndGlobalSection
EndGlobal
